
Microsoft Visual Studio Solution File, Format Version 12.00
# Visual Studio Version 16
VisualStudioVersion = 16.0.31205.134
MinimumVisualStudioVersion = 10.0.40219.1
Project("{FAE04EC0-301F-11D3-BF4B-00C04F79EFBC}") = "ejercicio5Guia9", "ejercicio5Guia9\ejercicio5Guia9.csproj", "{D6504D63-082D-456A-B5A4-A12FD3A6F376}"
EndProject
Global
	GlobalSection(SolutionConfigurationPlatforms) = preSolution
		Debug|Any CPU = Debug|Any CPU
		Release|Any CPU = Release|Any CPU
	EndGlobalSection
	GlobalSection(ProjectConfigurationPlatforms) = postSolution
		{D6504D63-082D-456A-B5A4-A12FD3A6F376}.Debug|Any CPU.ActiveCfg = Debug|Any CPU
		{D6504D63-082D-456A-B5A4-A12FD3A6F376}.Debug|Any CPU.Build.0 = Debug|Any CPU
		{D6504D63-082D-456A-B5A4-A12FD3A6F376}.Release|Any CPU.ActiveCfg = Release|Any CPU
		{D6504D63-082D-456A-B5A4-A12FD3A6F376}.Release|Any CPU.Build.0 = Release|Any CPU
	EndGlobalSection
	GlobalSection(SolutionProperties) = preSolution
		HideSolutionNode = FALSE
	EndGlobalSection
	GlobalSection(ExtensibilityGlobals) = postSolution
		SolutionGuid = {19DDE96E-6FDB-4E1A-8920-42FD94630C04}
	EndGlobalSection
EndGlobal
